
Microsoft Visual Studio Solution File, Format Version 12.00
# Visual Studio Version 17
VisualStudioVersion = 17.9.34728.123
MinimumVisualStudioVersion = 10.0.40219.1
Project("{9A19103F-16F7-4668-BE54-9A1E7A4F7556}") = "FlowersShopMVCTraining", "FlowersShopMVCTreaning\FlowersShopMVCTraining.csproj", "{EF9EE2E6-ABF0-455D-9019-3CEC705EC6C9}"
EndProject
Project("{9A19103F-16F7-4668-BE54-9A1E7A4F7556}") = "FlowersShopMVCTraining.Repository", "FlowersShopMVCTreaningRepository\FlowersShopMVCTraining.Repository.csproj", "{8715C3BB-8E01-4228-8F5C-CB1163D17305}"
EndProject
Project("{FAE04EC0-301F-11D3-BF4B-00C04F79EFBC}") = "FlowersShopImageProcessor", "FlowersShopImageProcessor\FlowersShopImageProcessor.csproj", "{FB40C40D-B6B4-43ED-9863-BA9729E1D316}"
EndProject
Global
	GlobalSection(SolutionConfigurationPlatforms) = preSolution
		Debug|Any CPU = Debug|Any CPU
		Release|Any CPU = Release|Any CPU
	EndGlobalSection
	GlobalSection(ProjectConfigurationPlatforms) = postSolution
		{EF9EE2E6-ABF0-455D-9019-3CEC705EC6C9}.Debug|Any CPU.ActiveCfg = Debug|Any CPU
		{EF9EE2E6-ABF0-455D-9019-3CEC705EC6C9}.Debug|Any CPU.Build.0 = Debug|Any CPU
		{EF9EE2E6-ABF0-455D-9019-3CEC705EC6C9}.Release|Any CPU.ActiveCfg = Release|Any CPU
		{EF9EE2E6-ABF0-455D-9019-3CEC705EC6C9}.Release|Any CPU.Build.0 = Release|Any CPU
		{8715C3BB-8E01-4228-8F5C-CB1163D17305}.Debug|Any CPU.ActiveCfg = Debug|Any CPU
		{8715C3BB-8E01-4228-8F5C-CB1163D17305}.Debug|Any CPU.Build.0 = Debug|Any CPU
		{8715C3BB-8E01-4228-8F5C-CB1163D17305}.Release|Any CPU.ActiveCfg = Release|Any CPU
		{8715C3BB-8E01-4228-8F5C-CB1163D17305}.Release|Any CPU.Build.0 = Release|Any CPU
		{FB40C40D-B6B4-43ED-9863-BA9729E1D316}.Debug|Any CPU.ActiveCfg = Debug|Any CPU
		{FB40C40D-B6B4-43ED-9863-BA9729E1D316}.Debug|Any CPU.Build.0 = Debug|Any CPU
		{FB40C40D-B6B4-43ED-9863-BA9729E1D316}.Release|Any CPU.ActiveCfg = Release|Any CPU
		{FB40C40D-B6B4-43ED-9863-BA9729E1D316}.Release|Any CPU.Build.0 = Release|Any CPU
	EndGlobalSection
	GlobalSection(SolutionProperties) = preSolution
		HideSolutionNode = FALSE
	EndGlobalSection
	GlobalSection(ExtensibilityGlobals) = postSolution
		SolutionGuid = {1E4EE002-583F-47A2-82B4-AE3E47CD7E4E}
	EndGlobalSection
EndGlobal
